
Microsoft Visual Studio Solution File, Format Version 12.00
# Visual Studio Version 16
VisualStudioVersion = 16.0.31205.134
MinimumVisualStudioVersion = 10.0.40219.1
Project("{FAE04EC0-301F-11D3-BF4B-00C04F79EFBC}") = "RSA", "RSA.csproj", "{F0D1E844-5D15-4C97-9608-E2F09DF693A1}"
EndProject
Global
	GlobalSection(SolutionConfigurationPlatforms) = preSolution
		Debug|Any CPU = Debug|Any CPU
		Release|Any CPU = Release|Any CPU
	EndGlobalSection
	GlobalSection(ProjectConfigurationPlatforms) = postSolution
		{F0D1E844-5D15-4C97-9608-E2F09DF693A1}.Debug|Any CPU.ActiveCfg = Debug|Any CPU
		{F0D1E844-5D15-4C97-9608-E2F09DF693A1}.Debug|Any CPU.Build.0 = Debug|Any CPU
		{F0D1E844-5D15-4C97-9608-E2F09DF693A1}.Release|Any CPU.ActiveCfg = Release|Any CPU
		{F0D1E844-5D15-4C97-9608-E2F09DF693A1}.Release|Any CPU.Build.0 = Release|Any CPU
	EndGlobalSection
	GlobalSection(SolutionProperties) = preSolution
		HideSolutionNode = FALSE
	EndGlobalSection
	GlobalSection(ExtensibilityGlobals) = postSolution
		SolutionGuid = {B89E1453-AA74-41B7-B969-954548E4E11E}
	EndGlobalSection
EndGlobal
